# THIS IS AN AUTOGENERATED FILE. DO NOT EDIT THIS FILE DIRECTLY.
# yarn lockfile v1


"@persea/persea@^0.1.14":
  version "0.1.14"
  resolved "https://registry.yarnpkg.com/@persea/persea/-/persea-0.1.14.tgz#f4599f0d8a6a951457bb8c944850d468eb837a27"
  integrity sha512-AgrSObKaESZhFsSw7vQndF7rMRG5/eLzR4MsOFIiwN3XZWCSN9VAc4kfDqFsnpZAyf30OqrxW4GBPkj2Gw3hAw==
